
Microsoft Visual Studio Solution File, Format Version 12.00
# Visual Studio Version 16
VisualStudioVersion = 16.0.29306.81
MinimumVisualStudioVersion = 10.0.40219.1
Project("{9A19103F-16F7-4668-BE54-9A1E7A4F7556}") = "01. Ages", "01. Ages\01. Ages.csproj", "{B4B906C0-A29A-4709-B616-010FB45AA1AD}"
EndProject
Project("{9A19103F-16F7-4668-BE54-9A1E7A4F7556}") = "02. Division", "02. Division\02. Division.csproj", "{7068CDE6-79A7-49D1-9FDE-3C4B4D202C60}"
EndProject
Project("{9A19103F-16F7-4668-BE54-9A1E7A4F7556}") = "03. Vacation", "03. Vacation\03. Vacation.csproj", "{DA69C041-C468-400E-9619-FA75E5C8591C}"
EndProject
Project("{FAE04EC0-301F-11D3-BF4B-00C04F79EFBC}") = "04. Print and sum", "04. Print and sum\04. Print and sum.csproj", "{55D5556D-B4C1-4087-9586-07C12708D80C}"
EndProject
Project("{FAE04EC0-301F-11D3-BF4B-00C04F79EFBC}") = "05. Login", "05. Login\05. Login.csproj", "{3C134572-250B-4DE6-8183-75F4676E90E6}"
EndProject
Project("{FAE04EC0-301F-11D3-BF4B-00C04F79EFBC}") = "06. Strong number", "06. Strong number\06. Strong number.csproj", "{14D4084E-BA6A-40D4-9149-5A27C6B8E7FA}"
EndProject
Project("{FAE04EC0-301F-11D3-BF4B-00C04F79EFBC}") = "07. Vending Machine", "07. Vending Machine\07. Vending Machine.csproj", "{F8EB685E-3657-41B5-81E3-C355F77CE412}"
EndProject
Project("{FAE04EC0-301F-11D3-BF4B-00C04F79EFBC}") = "08. Triangle of Numbers", "08. Triangle of Numbers\08. Triangle of Numbers.csproj", "{B3662DCB-7556-49C9-A866-3E664215AFE7}"
EndProject
Project("{FAE04EC0-301F-11D3-BF4B-00C04F79EFBC}") = "09. Padawan Equipment", "09. Padawan Equipment\09. Padawan Equipment.csproj", "{60084FAB-DC6D-411D-80F1-6052E6FD15B7}"
EndProject
Project("{FAE04EC0-301F-11D3-BF4B-00C04F79EFBC}") = "10. Rage Expenses", "10. Rage Expenses\10. Rage Expenses.csproj", "{737668DD-8BF1-4D3C-8096-891BA2FDB4F5}"
EndProject
Global
	GlobalSection(SolutionConfigurationPlatforms) = preSolution
		Debug|Any CPU = Debug|Any CPU
		Release|Any CPU = Release|Any CPU
	EndGlobalSection
	GlobalSection(ProjectConfigurationPlatforms) = postSolution
		{B4B906C0-A29A-4709-B616-010FB45AA1AD}.Debug|Any CPU.ActiveCfg = Debug|Any CPU
		{B4B906C0-A29A-4709-B616-010FB45AA1AD}.Debug|Any CPU.Build.0 = Debug|Any CPU
		{B4B906C0-A29A-4709-B616-010FB45AA1AD}.Release|Any CPU.ActiveCfg = Release|Any CPU
		{B4B906C0-A29A-4709-B616-010FB45AA1AD}.Release|Any CPU.Build.0 = Release|Any CPU
		{7068CDE6-79A7-49D1-9FDE-3C4B4D202C60}.Debug|Any CPU.ActiveCfg = Debug|Any CPU
		{7068CDE6-79A7-49D1-9FDE-3C4B4D202C60}.Debug|Any CPU.Build.0 = Debug|Any CPU
		{7068CDE6-79A7-49D1-9FDE-3C4B4D202C60}.Release|Any CPU.ActiveCfg = Release|Any CPU
		{7068CDE6-79A7-49D1-9FDE-3C4B4D202C60}.Release|Any CPU.Build.0 = Release|Any CPU
		{DA69C041-C468-400E-9619-FA75E5C8591C}.Debug|Any CPU.ActiveCfg = Debug|Any CPU
		{DA69C041-C468-400E-9619-FA75E5C8591C}.Debug|Any CPU.Build.0 = Debug|Any CPU
		{DA69C041-C468-400E-9619-FA75E5C8591C}.Release|Any CPU.ActiveCfg = Release|Any CPU
		{DA69C041-C468-400E-9619-FA75E5C8591C}.Release|Any CPU.Build.0 = Release|Any CPU
		{55D5556D-B4C1-4087-9586-07C12708D80C}.Debug|Any CPU.ActiveCfg = Debug|Any CPU
		{55D5556D-B4C1-4087-9586-07C12708D80C}.Debug|Any CPU.Build.0 = Debug|Any CPU
		{55D5556D-B4C1-4087-9586-07C12708D80C}.Release|Any CPU.ActiveCfg = Release|Any CPU
		{55D5556D-B4C1-4087-9586-07C12708D80C}.Release|Any CPU.Build.0 = Release|Any CPU
		{3C134572-250B-4DE6-8183-75F4676E90E6}.Debug|Any CPU.ActiveCfg = Debug|Any CPU
		{3C134572-250B-4DE6-8183-75F4676E90E6}.Debug|Any CPU.Build.0 = Debug|Any CPU
		{3C134572-250B-4DE6-8183-75F4676E90E6}.Release|Any CPU.ActiveCfg = Release|Any CPU
		{3C134572-250B-4DE6-8183-75F4676E90E6}.Release|Any CPU.Build.0 = Release|Any CPU
		{14D4084E-BA6A-40D4-9149-5A27C6B8E7FA}.Debug|Any CPU.ActiveCfg = Debug|Any CPU
		{14D4084E-BA6A-40D4-9149-5A27C6B8E7FA}.Debug|Any CPU.Build.0 = Debug|Any CPU
		{14D4084E-BA6A-40D4-9149-5A27C6B8E7FA}.Release|Any CPU.ActiveCfg = Release|Any CPU
		{14D4084E-BA6A-40D4-9149-5A27C6B8E7FA}.Release|Any CPU.Build.0 = Release|Any CPU
		{F8EB685E-3657-41B5-81E3-C355F77CE412}.Debug|Any CPU.ActiveCfg = Debug|Any CPU
		{F8EB685E-3657-41B5-81E3-C355F77CE412}.Debug|Any CPU.Build.0 = Debug|Any CPU
		{F8EB685E-3657-41B5-81E3-C355F77CE412}.Release|Any CPU.ActiveCfg = Release|Any CPU
		{F8EB685E-3657-41B5-81E3-C355F77CE412}.Release|Any CPU.Build.0 = Release|Any CPU
		{B3662DCB-7556-49C9-A866-3E664215AFE7}.Debug|Any CPU.ActiveCfg = Debug|Any CPU
		{B3662DCB-7556-49C9-A866-3E664215AFE7}.Debug|Any CPU.Build.0 = Debug|Any CPU
		{B3662DCB-7556-49C9-A866-3E664215AFE7}.Release|Any CPU.ActiveCfg = Release|Any CPU
		{B3662DCB-7556-49C9-A866-3E664215AFE7}.Release|Any CPU.Build.0 = Release|Any CPU
		{60084FAB-DC6D-411D-80F1-6052E6FD15B7}.Debug|Any CPU.ActiveCfg = Debug|Any CPU
		{60084FAB-DC6D-411D-80F1-6052E6FD15B7}.Debug|Any CPU.Build.0 = Debug|Any CPU
		{60084FAB-DC6D-411D-80F1-6052E6FD15B7}.Release|Any CPU.ActiveCfg = Release|Any CPU
		{60084FAB-DC6D-411D-80F1-6052E6FD15B7}.Release|Any CPU.Build.0 = Release|Any CPU
		{737668DD-8BF1-4D3C-8096-891BA2FDB4F5}.Debug|Any CPU.ActiveCfg = Debug|Any CPU
		{737668DD-8BF1-4D3C-8096-891BA2FDB4F5}.Debug|Any CPU.Build.0 = Debug|Any CPU
		{737668DD-8BF1-4D3C-8096-891BA2FDB4F5}.Release|Any CPU.ActiveCfg = Release|Any CPU
		{737668DD-8BF1-4D3C-8096-891BA2FDB4F5}.Release|Any CPU.Build.0 = Release|Any CPU
	EndGlobalSection
	GlobalSection(SolutionProperties) = preSolution
		HideSolutionNode = FALSE
	EndGlobalSection
	GlobalSection(ExtensibilityGlobals) = postSolution
		SolutionGuid = {4D90CA97-999A-4666-A8B8-9D7413C5F7D9}
	EndGlobalSection
EndGlobal
